github.com/niklasfasching/go-org v1.9.1 h1:/3s4uTPOF06pImGa2Yvlp24yKXZoTYM+nsIlMzfpg/0=
github.com/niklasfasching/go-org v1.9.1/go.mod h1:ZAGFFkWvUQcpazmi/8nHqwvARpr1xpb+Es67oUGX/48=
github.com/pmezard/go-difflib v1.0.0 h1:4DBwDE0NGyQoBHbLQYPwSUPoCMWR5BEzIk/f1lZbAQM=
github.com/pmezard/go-difflib v1.0.0/go.mod h1:iKH77koFhYxTK1pcRnkKkqfTogsbg7gZNVY4sRDYZ/4=
golang.org/x/net v0.38.0 h1:vRMAPTMaeGqVhG5QyLJHqNDwecKTomGeqbnfZyKlBI8=
golang.org/x/net v0.38.0/go.mod h1:ivrbrMbzFq5J41QOQh0siUuly180yBYtLp+CKbEaFx8=
